
Microsoft Visual Studio Solution File, Format Version 11.00
# Visual Studio 2010
Project("{8BC9CEB8-8B4A-11D0-8D11-00A0C91BC942}") = "FLVTestApp", "FLVTestApp\FLVTestApp.vcxproj", "{4EAD4ECE-65BE-4FC7-939E-0D173C3B3857}"
EndProject
Global
	GlobalSection(SolutionConfigurationPlatforms) = preSolution
		Debug|Win32 = Debug|Win32
		Release|Win32 = Release|Win32
	EndGlobalSection
	GlobalSection(ProjectConfigurationPlatforms) = postSolution
		{4EAD4ECE-65BE-4FC7-939E-0D173C3B3857}.Debug|Win32.ActiveCfg = Debug|Win32
		{4EAD4ECE-65BE-4FC7-939E-0D173C3B3857}.Debug|Win32.Build.0 = Debug|Win32
		{4EAD4ECE-65BE-4FC7-939E-0D173C3B3857}.Release|Win32.ActiveCfg = Release|Win32
		{4EAD4ECE-65BE-4FC7-939E-0D173C3B3857}.Release|Win32.Build.0 = Release|Win32
	EndGlobalSection
	GlobalSection(SolutionProperties) = preSolution
		HideSolutionNode = FALSE
	EndGlobalSection
EndGlobal
